
Microsoft Visual Studio Solution File, Format Version 12.00
# Visual Studio Version 17
VisualStudioVersion = 17.9.34723.18
MinimumVisualStudioVersion = 10.0.40219.1
Project("{9A19103F-16F7-4668-BE54-9A1E7A4F7556}") = "Attendance Management System", "Attendance Management System\Attendance Management System.csproj", "{ED8980D8-BD84-4E62-BC77-64B8CFD2303A}"
EndProject
Project("{FAE04EC0-301F-11D3-BF4B-00C04F79EFBC}") = "TestProject", "TestProject\TestProject.csproj", "{9C3641C3-6851-4A82-9E7B-67E13BD14804}"
EndProject
Global
	GlobalSection(SolutionConfigurationPlatforms) = preSolution
		Debug|Any CPU = Debug|Any CPU
		Release|Any CPU = Release|Any CPU
	EndGlobalSection
	GlobalSection(ProjectConfigurationPlatforms) = postSolution
		{ED8980D8-BD84-4E62-BC77-64B8CFD2303A}.Debug|Any CPU.ActiveCfg = Debug|Any CPU
		{ED8980D8-BD84-4E62-BC77-64B8CFD2303A}.Debug|Any CPU.Build.0 = Debug|Any CPU
		{ED8980D8-BD84-4E62-BC77-64B8CFD2303A}.Release|Any CPU.ActiveCfg = Release|Any CPU
		{ED8980D8-BD84-4E62-BC77-64B8CFD2303A}.Release|Any CPU.Build.0 = Release|Any CPU
		{9C3641C3-6851-4A82-9E7B-67E13BD14804}.Debug|Any CPU.ActiveCfg = Debug|Any CPU
		{9C3641C3-6851-4A82-9E7B-67E13BD14804}.Debug|Any CPU.Build.0 = Debug|Any CPU
		{9C3641C3-6851-4A82-9E7B-67E13BD14804}.Release|Any CPU.ActiveCfg = Release|Any CPU
		{9C3641C3-6851-4A82-9E7B-67E13BD14804}.Release|Any CPU.Build.0 = Release|Any CPU
	EndGlobalSection
	GlobalSection(SolutionProperties) = preSolution
		HideSolutionNode = FALSE
	EndGlobalSection
	GlobalSection(ExtensibilityGlobals) = postSolution
		SolutionGuid = {580B2B6A-23D6-452B-A712-FDF6BB6C37D8}
	EndGlobalSection
EndGlobal
